
Microsoft Visual Studio Solution File, Format Version 12.00
# Visual Studio Version 17
VisualStudioVersion = 17.9.34622.214
MinimumVisualStudioVersion = 10.0.40219.1
Project("{FAE04EC0-301F-11D3-BF4B-00C04F79EFBC}") = "ejemplo1WinForm", "ejemplo1WinForm\ejemplo1WinForm.csproj", "{244A749F-9A64-443F-A056-FAFC2D98C128}"
EndProject
Project("{FAE04EC0-301F-11D3-BF4B-00C04F79EFBC}") = "MiPrimerAplicacion", "MiPrimerAplicacion\MiPrimerAplicacion.csproj", "{E97BDDDB-293A-40CC-B640-AC2DD3B82156}"
EndProject
Global
	GlobalSection(SolutionConfigurationPlatforms) = preSolution
		Debug|Any CPU = Debug|Any CPU
		Release|Any CPU = Release|Any CPU
	EndGlobalSection
	GlobalSection(ProjectConfigurationPlatforms) = postSolution
		{244A749F-9A64-443F-A056-FAFC2D98C128}.Debug|Any CPU.ActiveCfg = Debug|Any CPU
		{244A749F-9A64-443F-A056-FAFC2D98C128}.Debug|Any CPU.Build.0 = Debug|Any CPU
		{244A749F-9A64-443F-A056-FAFC2D98C128}.Release|Any CPU.ActiveCfg = Release|Any CPU
		{244A749F-9A64-443F-A056-FAFC2D98C128}.Release|Any CPU.Build.0 = Release|Any CPU
		{E97BDDDB-293A-40CC-B640-AC2DD3B82156}.Debug|Any CPU.ActiveCfg = Debug|Any CPU
		{E97BDDDB-293A-40CC-B640-AC2DD3B82156}.Debug|Any CPU.Build.0 = Debug|Any CPU
		{E97BDDDB-293A-40CC-B640-AC2DD3B82156}.Release|Any CPU.ActiveCfg = Release|Any CPU
		{E97BDDDB-293A-40CC-B640-AC2DD3B82156}.Release|Any CPU.Build.0 = Release|Any CPU
	EndGlobalSection
	GlobalSection(SolutionProperties) = preSolution
		HideSolutionNode = FALSE
	EndGlobalSection
	GlobalSection(ExtensibilityGlobals) = postSolution
		SolutionGuid = {B0CACB74-CDF1-4EA4-BDC7-1837E9831E32}
	EndGlobalSection
EndGlobal
