
Microsoft Visual Studio Solution File, Format Version 12.00
# Visual Studio Version 17
VisualStudioVersion = 17.9.34622.214
MinimumVisualStudioVersion = 10.0.40219.1
Project("{FAE04EC0-301F-11D3-BF4B-00C04F79EFBC}") = "pooej1", "pooej1\pooej1.csproj", "{1A9A453F-386B-448A-A36B-3F554E67A114}"
EndProject
Project("{FAE04EC0-301F-11D3-BF4B-00C04F79EFBC}") = "pooej2", "pooej2\pooej2.csproj", "{A16EA76D-6260-47E5-9BC2-503D4703C44F}"
EndProject
Project("{FAE04EC0-301F-11D3-BF4B-00C04F79EFBC}") = "DesafioPoo1", "DesafioPoo1\DesafioPoo1.csproj", "{0BA89AED-19A9-4F2F-9789-82F9284D6FF7}"
EndProject
Global
	GlobalSection(SolutionConfigurationPlatforms) = preSolution
		Debug|Any CPU = Debug|Any CPU
		Release|Any CPU = Release|Any CPU
	EndGlobalSection
	GlobalSection(ProjectConfigurationPlatforms) = postSolution
		{1A9A453F-386B-448A-A36B-3F554E67A114}.Debug|Any CPU.ActiveCfg = Debug|Any CPU
		{1A9A453F-386B-448A-A36B-3F554E67A114}.Debug|Any CPU.Build.0 = Debug|Any CPU
		{1A9A453F-386B-448A-A36B-3F554E67A114}.Release|Any CPU.ActiveCfg = Release|Any CPU
		{1A9A453F-386B-448A-A36B-3F554E67A114}.Release|Any CPU.Build.0 = Release|Any CPU
		{A16EA76D-6260-47E5-9BC2-503D4703C44F}.Debug|Any CPU.ActiveCfg = Debug|Any CPU
		{A16EA76D-6260-47E5-9BC2-503D4703C44F}.Debug|Any CPU.Build.0 = Debug|Any CPU
		{A16EA76D-6260-47E5-9BC2-503D4703C44F}.Release|Any CPU.ActiveCfg = Release|Any CPU
		{A16EA76D-6260-47E5-9BC2-503D4703C44F}.Release|Any CPU.Build.0 = Release|Any CPU
		{0BA89AED-19A9-4F2F-9789-82F9284D6FF7}.Debug|Any CPU.ActiveCfg = Debug|Any CPU
		{0BA89AED-19A9-4F2F-9789-82F9284D6FF7}.Debug|Any CPU.Build.0 = Debug|Any CPU
		{0BA89AED-19A9-4F2F-9789-82F9284D6FF7}.Release|Any CPU.ActiveCfg = Release|Any CPU
		{0BA89AED-19A9-4F2F-9789-82F9284D6FF7}.Release|Any CPU.Build.0 = Release|Any CPU
	EndGlobalSection
	GlobalSection(SolutionProperties) = preSolution
		HideSolutionNode = FALSE
	EndGlobalSection
	GlobalSection(ExtensibilityGlobals) = postSolution
		SolutionGuid = {4927652B-E46E-4BF9-9941-F40B2251C3F6}
	EndGlobalSection
EndGlobal
