
Microsoft Visual Studio Solution File, Format Version 12.00
# Visual Studio Version 17
VisualStudioVersion = 17.9.34622.214
MinimumVisualStudioVersion = 10.0.40219.1
Project("{FAE04EC0-301F-11D3-BF4B-00C04F79EFBC}") = "ejemplo 1", "ejemplo 1\ejemplo 1.csproj", "{3341D9AC-1E66-40B5-BBCD-63C4A4FEC33F}"
EndProject
Project("{FAE04EC0-301F-11D3-BF4B-00C04F79EFBC}") = "ejemplo2", "ejemplo2\ejemplo2.csproj", "{D68E7D0E-3E03-425F-9192-83F35166F768}"
EndProject
Global
	GlobalSection(SolutionConfigurationPlatforms) = preSolution
		Debug|Any CPU = Debug|Any CPU
		Release|Any CPU = Release|Any CPU
	EndGlobalSection
	GlobalSection(ProjectConfigurationPlatforms) = postSolution
		{3341D9AC-1E66-40B5-BBCD-63C4A4FEC33F}.Debug|Any CPU.ActiveCfg = Debug|Any CPU
		{3341D9AC-1E66-40B5-BBCD-63C4A4FEC33F}.Debug|Any CPU.Build.0 = Debug|Any CPU
		{3341D9AC-1E66-40B5-BBCD-63C4A4FEC33F}.Release|Any CPU.ActiveCfg = Release|Any CPU
		{3341D9AC-1E66-40B5-BBCD-63C4A4FEC33F}.Release|Any CPU.Build.0 = Release|Any CPU
		{D68E7D0E-3E03-425F-9192-83F35166F768}.Debug|Any CPU.ActiveCfg = Debug|Any CPU
		{D68E7D0E-3E03-425F-9192-83F35166F768}.Debug|Any CPU.Build.0 = Debug|Any CPU
		{D68E7D0E-3E03-425F-9192-83F35166F768}.Release|Any CPU.ActiveCfg = Release|Any CPU
		{D68E7D0E-3E03-425F-9192-83F35166F768}.Release|Any CPU.Build.0 = Release|Any CPU
	EndGlobalSection
	GlobalSection(SolutionProperties) = preSolution
		HideSolutionNode = FALSE
	EndGlobalSection
	GlobalSection(ExtensibilityGlobals) = postSolution
		SolutionGuid = {EEA511B3-D7F5-4BD6-9275-3B94C3F097F3}
	EndGlobalSection
EndGlobal
